
Microsoft Visual Studio Solution File, Format Version 12.00
# Visual Studio 2013
VisualStudioVersion = 12.0.30501.0
MinimumVisualStudioVersion = 10.0.40219.1
Project("{2150E333-8FDC-42A3-9474-1A3956D46DE8}") = "IterationOne", "IterationOne", "{774E8922-84DA-4069-958B-EFD03DFAE0ED}"
EndProject
Project("{2150E333-8FDC-42A3-9474-1A3956D46DE8}") = "Client", "Client", "{84D17A87-9213-41A0-B010-9F822438CE69}"
EndProject
Project("{2150E333-8FDC-42A3-9474-1A3956D46DE8}") = "Server", "Server", "{C2368D3F-2A9F-4E56-9AD6-0009D46B9666}"
EndProject
Project("{2150E333-8FDC-42A3-9474-1A3956D46DE8}") = "Admin", "Admin", "{C1B0F818-A6FC-4EDF-A9FE-859BB1B6B594}"
EndProject
Project("{FAE04EC0-301F-11D3-BF4B-00C04F79EFBC}") = "ServerAdminService", "ServerAdminService\ServerAdminService.csproj", "{13BE62D0-5493-4BCA-8FB8-5C261A36702C}"
EndProject
Project("{2150E333-8FDC-42A3-9474-1A3956D46DE8}") = "Old.POC", "Old.POC", "{1554A653-4136-4EED-8C22-A857505C214E}"
EndProject
Project("{FAE04EC0-301F-11D3-BF4B-00C04F79EFBC}") = "ClientService", "POC\ClientService\ClientService.csproj", "{F50DAF31-3E05-4474-A105-93475D4593DE}"
EndProject
Project("{FAE04EC0-301F-11D3-BF4B-00C04F79EFBC}") = "ClientServiceHost", "POC\ClientServiceHost\ClientServiceHost.csproj", "{15FC035A-6C53-41E6-B728-B6088A4BD24C}"
EndProject
Project("{2150E333-8FDC-42A3-9474-1A3956D46DE8}") = "AdminService", "AdminService", "{629E3011-4796-40A5-A49F-CDA28DF0E628}"
EndProject
Project("{2150E333-8FDC-42A3-9474-1A3956D46DE8}") = "HostedServices", "HostedServices", "{3E33A470-2E9C-4722-A0F0-405E747AF4FF}"
EndProject
Global
	GlobalSection(SolutionConfigurationPlatforms) = preSolution
		Debug|Any CPU = Debug|Any CPU
		Release|Any CPU = Release|Any CPU
	EndGlobalSection
	GlobalSection(ProjectConfigurationPlatforms) = postSolution
		{13BE62D0-5493-4BCA-8FB8-5C261A36702C}.Debug|Any CPU.ActiveCfg = Debug|Any CPU
		{13BE62D0-5493-4BCA-8FB8-5C261A36702C}.Debug|Any CPU.Build.0 = Debug|Any CPU
		{13BE62D0-5493-4BCA-8FB8-5C261A36702C}.Release|Any CPU.ActiveCfg = Release|Any CPU
		{13BE62D0-5493-4BCA-8FB8-5C261A36702C}.Release|Any CPU.Build.0 = Release|Any CPU
		{F50DAF31-3E05-4474-A105-93475D4593DE}.Debug|Any CPU.ActiveCfg = Debug|Any CPU
		{F50DAF31-3E05-4474-A105-93475D4593DE}.Debug|Any CPU.Build.0 = Debug|Any CPU
		{F50DAF31-3E05-4474-A105-93475D4593DE}.Release|Any CPU.ActiveCfg = Release|Any CPU
		{F50DAF31-3E05-4474-A105-93475D4593DE}.Release|Any CPU.Build.0 = Release|Any CPU
		{15FC035A-6C53-41E6-B728-B6088A4BD24C}.Debug|Any CPU.ActiveCfg = Debug|Any CPU
		{15FC035A-6C53-41E6-B728-B6088A4BD24C}.Debug|Any CPU.Build.0 = Debug|Any CPU
		{15FC035A-6C53-41E6-B728-B6088A4BD24C}.Release|Any CPU.ActiveCfg = Release|Any CPU
		{15FC035A-6C53-41E6-B728-B6088A4BD24C}.Release|Any CPU.Build.0 = Release|Any CPU
	EndGlobalSection
	GlobalSection(SolutionProperties) = preSolution
		HideSolutionNode = FALSE
	EndGlobalSection
	GlobalSection(NestedProjects) = preSolution
		{84D17A87-9213-41A0-B010-9F822438CE69} = {774E8922-84DA-4069-958B-EFD03DFAE0ED}
		{C2368D3F-2A9F-4E56-9AD6-0009D46B9666} = {774E8922-84DA-4069-958B-EFD03DFAE0ED}
		{C1B0F818-A6FC-4EDF-A9FE-859BB1B6B594} = {774E8922-84DA-4069-958B-EFD03DFAE0ED}
		{13BE62D0-5493-4BCA-8FB8-5C261A36702C} = {629E3011-4796-40A5-A49F-CDA28DF0E628}
		{F50DAF31-3E05-4474-A105-93475D4593DE} = {1554A653-4136-4EED-8C22-A857505C214E}
		{15FC035A-6C53-41E6-B728-B6088A4BD24C} = {1554A653-4136-4EED-8C22-A857505C214E}
		{629E3011-4796-40A5-A49F-CDA28DF0E628} = {C2368D3F-2A9F-4E56-9AD6-0009D46B9666}
		{3E33A470-2E9C-4722-A0F0-405E747AF4FF} = {C2368D3F-2A9F-4E56-9AD6-0009D46B9666}
	EndGlobalSection
EndGlobal
