
Microsoft Visual Studio Solution File, Format Version 12.00
# Visual Studio 2013
VisualStudioVersion = 12.0.30501.0
MinimumVisualStudioVersion = 10.0.40219.1
Project("{2150E333-8FDC-42A3-9474-1A3956D46DE8}") = "IterationOne", "IterationOne", "{774E8922-84DA-4069-958B-EFD03DFAE0ED}"
EndProject
Project("{2150E333-8FDC-42A3-9474-1A3956D46DE8}") = "Client", "Client", "{84D17A87-9213-41A0-B010-9F822438CE69}"
EndProject
Project("{2150E333-8FDC-42A3-9474-1A3956D46DE8}") = "Server", "Server", "{C2368D3F-2A9F-4E56-9AD6-0009D46B9666}"
EndProject
Project("{2150E333-8FDC-42A3-9474-1A3956D46DE8}") = "Admin", "Admin", "{C1B0F818-A6FC-4EDF-A9FE-859BB1B6B594}"
EndProject
Project("{FAE04EC0-301F-11D3-BF4B-00C04F79EFBC}") = "ServerAdminService", "ServerAdminService\ServerAdminService.csproj", "{13BE62D0-5493-4BCA-8FB8-5C261A36702C}"
EndProject
Project("{2150E333-8FDC-42A3-9474-1A3956D46DE8}") = "AdminService", "AdminService", "{629E3011-4796-40A5-A49F-CDA28DF0E628}"
EndProject
Project("{2150E333-8FDC-42A3-9474-1A3956D46DE8}") = "HostedServices", "HostedServices", "{3E33A470-2E9C-4722-A0F0-405E747AF4FF}"
EndProject
Project("{FAE04EC0-301F-11D3-BF4B-00C04F79EFBC}") = "ServiceHostApplication", "ServiceHostApplication\ServiceHostApplication.csproj", "{D70E5212-3B2B-4251-AA92-A738975CD02A}"
EndProject
Project("{2150E333-8FDC-42A3-9474-1A3956D46DE8}") = "Testing", "Testing", "{7AF0B2CB-2EF5-49F3-B1E1-D52C539F8731}"
EndProject
Project("{FAE04EC0-301F-11D3-BF4B-00C04F79EFBC}") = "TestApplication", "TestApplication\TestApplication.csproj", "{70F70EE7-9B28-4C67-AE9D-98B2D96D3B49}"
	ProjectSection(ProjectDependencies) = postProject
		{6B77D908-9AB6-4DB3-879C-0E48E9B9A697} = {6B77D908-9AB6-4DB3-879C-0E48E9B9A697}
		{89F530BC-3A26-48BA-9A5B-1133842CE5C5} = {89F530BC-3A26-48BA-9A5B-1133842CE5C5}
		{737B4CC0-3554-4E4F-8761-E37E6A0C8590} = {737B4CC0-3554-4E4F-8761-E37E6A0C8590}
		{13BE62D0-5493-4BCA-8FB8-5C261A36702C} = {13BE62D0-5493-4BCA-8FB8-5C261A36702C}
	EndProjectSection
EndProject
Project("{2150E333-8FDC-42A3-9474-1A3956D46DE8}") = "ClientService", "ClientService", "{3D5BC740-AF78-4DB1-9264-601EE2D3EDE9}"
EndProject
Project("{FAE04EC0-301F-11D3-BF4B-00C04F79EFBC}") = "ServerClientService", "ServerClientService\ServerClientService.csproj", "{89F530BC-3A26-48BA-9A5B-1133842CE5C5}"
EndProject
Project("{FAE04EC0-301F-11D3-BF4B-00C04F79EFBC}") = "UserClientService", "UserClientService\UserClientService.csproj", "{737B4CC0-3554-4E4F-8761-E37E6A0C8590}"
EndProject
Project("{FAE04EC0-301F-11D3-BF4B-00C04F79EFBC}") = "AdminClientService", "AdminClientService\AdminClientService.csproj", "{6B77D908-9AB6-4DB3-879C-0E48E9B9A697}"
EndProject
Project("{2150E333-8FDC-42A3-9474-1A3956D46DE8}") = "ClientSideService", "ClientSideService", "{4BD9DE10-CCCD-446B-BC6B-C6B1F71A3A70}"
EndProject
Project("{2150E333-8FDC-42A3-9474-1A3956D46DE8}") = "HostedService", "HostedService", "{49E34AD4-86A5-452E-8E6C-BE37A9D9DF97}"
EndProject
Project("{FAE04EC0-301F-11D3-BF4B-00C04F79EFBC}") = "ClientSideHostedService", "ClientSideHostedService\ClientSideHostedService.csproj", "{1C725ED9-0FC3-47DC-9A85-41BB650D4265}"
EndProject
Project("{2150E333-8FDC-42A3-9474-1A3956D46DE8}") = "AdminSideSerice", "AdminSideSerice", "{90B93783-6E19-4354-88ED-5F2D312D9AEB}"
EndProject
Project("{2150E333-8FDC-42A3-9474-1A3956D46DE8}") = "HostedService", "HostedService", "{44A769AC-13E7-4258-B96A-FD2BDBBB6CC3}"
EndProject
Project("{FAE04EC0-301F-11D3-BF4B-00C04F79EFBC}") = "AdminSideHostedService", "AdminSideHostedService\AdminSideHostedService.csproj", "{6BD23C01-04E9-4F74-98EC-3DDCDB8A0983}"
EndProject
Project("{FAE04EC0-301F-11D3-BF4B-00C04F79EFBC}") = "HorusServer", "HorusServer\HorusServer.csproj", "{BC3C4DCD-AC69-4C62-BE29-E5F90BF47ECB}"
EndProject
Project("{2150E333-8FDC-42A3-9474-1A3956D46DE8}") = "ServerTesting", "ServerTesting", "{D3B4B2AE-ED3C-42AD-8054-92BDDB79EDC8}"
EndProject
Project("{FAE04EC0-301F-11D3-BF4B-00C04F79EFBC}") = "HorusServerTesting", "HorusServerTesting\HorusServerTesting.csproj", "{8699DB68-F34D-48FB-B999-2F8DC1E50911}"
	ProjectSection(ProjectDependencies) = postProject
		{89F530BC-3A26-48BA-9A5B-1133842CE5C5} = {89F530BC-3A26-48BA-9A5B-1133842CE5C5}
	EndProjectSection
EndProject
Global
	GlobalSection(SolutionConfigurationPlatforms) = preSolution
		Debug|Any CPU = Debug|Any CPU
		Release|Any CPU = Release|Any CPU
	EndGlobalSection
	GlobalSection(ProjectConfigurationPlatforms) = postSolution
		{13BE62D0-5493-4BCA-8FB8-5C261A36702C}.Debug|Any CPU.ActiveCfg = Debug|Any CPU
		{13BE62D0-5493-4BCA-8FB8-5C261A36702C}.Debug|Any CPU.Build.0 = Debug|Any CPU
		{13BE62D0-5493-4BCA-8FB8-5C261A36702C}.Release|Any CPU.ActiveCfg = Release|Any CPU
		{13BE62D0-5493-4BCA-8FB8-5C261A36702C}.Release|Any CPU.Build.0 = Release|Any CPU
		{D70E5212-3B2B-4251-AA92-A738975CD02A}.Debug|Any CPU.ActiveCfg = Debug|Any CPU
		{D70E5212-3B2B-4251-AA92-A738975CD02A}.Debug|Any CPU.Build.0 = Debug|Any CPU
		{D70E5212-3B2B-4251-AA92-A738975CD02A}.Release|Any CPU.ActiveCfg = Release|Any CPU
		{D70E5212-3B2B-4251-AA92-A738975CD02A}.Release|Any CPU.Build.0 = Release|Any CPU
		{70F70EE7-9B28-4C67-AE9D-98B2D96D3B49}.Debug|Any CPU.ActiveCfg = Debug|Any CPU
		{70F70EE7-9B28-4C67-AE9D-98B2D96D3B49}.Debug|Any CPU.Build.0 = Debug|Any CPU
		{70F70EE7-9B28-4C67-AE9D-98B2D96D3B49}.Release|Any CPU.ActiveCfg = Release|Any CPU
		{70F70EE7-9B28-4C67-AE9D-98B2D96D3B49}.Release|Any CPU.Build.0 = Release|Any CPU
		{89F530BC-3A26-48BA-9A5B-1133842CE5C5}.Debug|Any CPU.ActiveCfg = Debug|Any CPU
		{89F530BC-3A26-48BA-9A5B-1133842CE5C5}.Debug|Any CPU.Build.0 = Debug|Any CPU
		{89F530BC-3A26-48BA-9A5B-1133842CE5C5}.Release|Any CPU.ActiveCfg = Release|Any CPU
		{89F530BC-3A26-48BA-9A5B-1133842CE5C5}.Release|Any CPU.Build.0 = Release|Any CPU
		{737B4CC0-3554-4E4F-8761-E37E6A0C8590}.Debug|Any CPU.ActiveCfg = Debug|Any CPU
		{737B4CC0-3554-4E4F-8761-E37E6A0C8590}.Debug|Any CPU.Build.0 = Debug|Any CPU
		{737B4CC0-3554-4E4F-8761-E37E6A0C8590}.Release|Any CPU.ActiveCfg = Release|Any CPU
		{737B4CC0-3554-4E4F-8761-E37E6A0C8590}.Release|Any CPU.Build.0 = Release|Any CPU
		{6B77D908-9AB6-4DB3-879C-0E48E9B9A697}.Debug|Any CPU.ActiveCfg = Debug|Any CPU
		{6B77D908-9AB6-4DB3-879C-0E48E9B9A697}.Debug|Any CPU.Build.0 = Debug|Any CPU
		{6B77D908-9AB6-4DB3-879C-0E48E9B9A697}.Release|Any CPU.ActiveCfg = Release|Any CPU
		{6B77D908-9AB6-4DB3-879C-0E48E9B9A697}.Release|Any CPU.Build.0 = Release|Any CPU
		{1C725ED9-0FC3-47DC-9A85-41BB650D4265}.Debug|Any CPU.ActiveCfg = Debug|Any CPU
		{1C725ED9-0FC3-47DC-9A85-41BB650D4265}.Debug|Any CPU.Build.0 = Debug|Any CPU
		{1C725ED9-0FC3-47DC-9A85-41BB650D4265}.Release|Any CPU.ActiveCfg = Release|Any CPU
		{1C725ED9-0FC3-47DC-9A85-41BB650D4265}.Release|Any CPU.Build.0 = Release|Any CPU
		{6BD23C01-04E9-4F74-98EC-3DDCDB8A0983}.Debug|Any CPU.ActiveCfg = Debug|Any CPU
		{6BD23C01-04E9-4F74-98EC-3DDCDB8A0983}.Debug|Any CPU.Build.0 = Debug|Any CPU
		{6BD23C01-04E9-4F74-98EC-3DDCDB8A0983}.Release|Any CPU.ActiveCfg = Release|Any CPU
		{6BD23C01-04E9-4F74-98EC-3DDCDB8A0983}.Release|Any CPU.Build.0 = Release|Any CPU
		{BC3C4DCD-AC69-4C62-BE29-E5F90BF47ECB}.Debug|Any CPU.ActiveCfg = Debug|Any CPU
		{BC3C4DCD-AC69-4C62-BE29-E5F90BF47ECB}.Debug|Any CPU.Build.0 = Debug|Any CPU
		{BC3C4DCD-AC69-4C62-BE29-E5F90BF47ECB}.Release|Any CPU.ActiveCfg = Release|Any CPU
		{BC3C4DCD-AC69-4C62-BE29-E5F90BF47ECB}.Release|Any CPU.Build.0 = Release|Any CPU
		{8699DB68-F34D-48FB-B999-2F8DC1E50911}.Debug|Any CPU.ActiveCfg = Debug|Any CPU
		{8699DB68-F34D-48FB-B999-2F8DC1E50911}.Debug|Any CPU.Build.0 = Debug|Any CPU
		{8699DB68-F34D-48FB-B999-2F8DC1E50911}.Release|Any CPU.ActiveCfg = Release|Any CPU
		{8699DB68-F34D-48FB-B999-2F8DC1E50911}.Release|Any CPU.Build.0 = Release|Any CPU
	EndGlobalSection
	GlobalSection(SolutionProperties) = preSolution
		HideSolutionNode = FALSE
	EndGlobalSection
	GlobalSection(NestedProjects) = preSolution
		{84D17A87-9213-41A0-B010-9F822438CE69} = {774E8922-84DA-4069-958B-EFD03DFAE0ED}
		{C2368D3F-2A9F-4E56-9AD6-0009D46B9666} = {774E8922-84DA-4069-958B-EFD03DFAE0ED}
		{C1B0F818-A6FC-4EDF-A9FE-859BB1B6B594} = {774E8922-84DA-4069-958B-EFD03DFAE0ED}
		{13BE62D0-5493-4BCA-8FB8-5C261A36702C} = {629E3011-4796-40A5-A49F-CDA28DF0E628}
		{629E3011-4796-40A5-A49F-CDA28DF0E628} = {C2368D3F-2A9F-4E56-9AD6-0009D46B9666}
		{3E33A470-2E9C-4722-A0F0-405E747AF4FF} = {C2368D3F-2A9F-4E56-9AD6-0009D46B9666}
		{D70E5212-3B2B-4251-AA92-A738975CD02A} = {3E33A470-2E9C-4722-A0F0-405E747AF4FF}
		{7AF0B2CB-2EF5-49F3-B1E1-D52C539F8731} = {774E8922-84DA-4069-958B-EFD03DFAE0ED}
		{70F70EE7-9B28-4C67-AE9D-98B2D96D3B49} = {7AF0B2CB-2EF5-49F3-B1E1-D52C539F8731}
		{3D5BC740-AF78-4DB1-9264-601EE2D3EDE9} = {C2368D3F-2A9F-4E56-9AD6-0009D46B9666}
		{89F530BC-3A26-48BA-9A5B-1133842CE5C5} = {3D5BC740-AF78-4DB1-9264-601EE2D3EDE9}
		{737B4CC0-3554-4E4F-8761-E37E6A0C8590} = {4BD9DE10-CCCD-446B-BC6B-C6B1F71A3A70}
		{6B77D908-9AB6-4DB3-879C-0E48E9B9A697} = {90B93783-6E19-4354-88ED-5F2D312D9AEB}
		{4BD9DE10-CCCD-446B-BC6B-C6B1F71A3A70} = {84D17A87-9213-41A0-B010-9F822438CE69}
		{49E34AD4-86A5-452E-8E6C-BE37A9D9DF97} = {84D17A87-9213-41A0-B010-9F822438CE69}
		{1C725ED9-0FC3-47DC-9A85-41BB650D4265} = {49E34AD4-86A5-452E-8E6C-BE37A9D9DF97}
		{90B93783-6E19-4354-88ED-5F2D312D9AEB} = {C1B0F818-A6FC-4EDF-A9FE-859BB1B6B594}
		{44A769AC-13E7-4258-B96A-FD2BDBBB6CC3} = {C1B0F818-A6FC-4EDF-A9FE-859BB1B6B594}
		{6BD23C01-04E9-4F74-98EC-3DDCDB8A0983} = {44A769AC-13E7-4258-B96A-FD2BDBBB6CC3}
		{BC3C4DCD-AC69-4C62-BE29-E5F90BF47ECB} = {3E33A470-2E9C-4722-A0F0-405E747AF4FF}
		{D3B4B2AE-ED3C-42AD-8054-92BDDB79EDC8} = {C2368D3F-2A9F-4E56-9AD6-0009D46B9666}
		{8699DB68-F34D-48FB-B999-2F8DC1E50911} = {D3B4B2AE-ED3C-42AD-8054-92BDDB79EDC8}
	EndGlobalSection
EndGlobal
